# Generated by scripts/platformio_lock.py; review diffs before updating.
PlatformIO Core, version 6.1.19
MeshCore submodule @ 575380d75376ada94f62f9ea6f4655bdec4783b5

Resolving SigurdOS_TDeck dependencies...
Platform espressif32 @ 7.0.1 (required: platformio/espressif32 @ 7.0.1)
├── framework-arduinoespressif32 @ 3.20017.241212+sha.dcc1105b (required: platformio/framework-arduinoespressif32 @ 3.20017.241212+sha.dcc1105b)
├── tool-esptoolpy @ 2.41100.0 (required: platformio/tool-esptoolpy @ 2.41100.0)
├── toolchain-riscv32-esp @ 8.4.0+2021r2-patch5 (required: espressif/toolchain-riscv32-esp @ 8.4.0+2021r2-patch5)
└── toolchain-xtensa-esp32s3 @ 8.4.0+2021r2-patch5 (required: espressif/toolchain-xtensa-esp32s3 @ 8.4.0+2021r2-patch5)

Resolving SigurdOS_TDeck dependencies...
Libraries
├── Adafruit BusIO @ 1.17.4 (required: adafruit/Adafruit BusIO @ 1.17.4)
├── ArduinoJson @ 7.4.3 (required: bblanchon/ArduinoJson @ 7.4.3)
├── CayenneLPP @ 1.6.1 (required: electroniccats/CayenneLPP @ 1.6.1)
├── Crypto @ 0.4.0 (required: rweather/Crypto @ 0.4.0)
├── LovyanGFX @ 1.2.21 (required: lovyan03/LovyanGFX @ 1.2.21)
├── Melopero RV3028 @ 1.2.0 (required: melopero/Melopero RV3028 @ 1.2.0)
├── MeshCore @ 1.10.0 (required: file://lib/meshcore)
│   ├── RTClib @ 2.1.4 (required: adafruit/RTClib @ ^2.1.3)
│   └── RadioLib @ 7.7.1 (required: jgromes/RadioLib @ ^7.6.0)
├── WebServer @ 2.0.0 (required: file://lib/WebServer)
└── lvgl @ 9.3.0 (required: lvgl/lvgl @ 9.3.0)
